
Microsoft Visual Studio Solution File, Format Version 12.00
# Visual Studio Version 17
VisualStudioVersion = 17.4.33213.308
MinimumVisualStudioVersion = 10.0.40219.1
Project("{9A19103F-16F7-4668-BE54-9A1E7A4F7556}") = "string", "string\string.csproj", "{B8FB6506-4B7D-4892-91C0-3FC82ABA1145}"
EndProject
Project("{9A19103F-16F7-4668-BE54-9A1E7A4F7556}") = "Int", "Int\Int.csproj", "{5ED97814-A001-4F4C-9BE5-DBFE624C0174}"
EndProject
Project("{9A19103F-16F7-4668-BE54-9A1E7A4F7556}") = "Double", "Double\Double.csproj", "{6498ABCB-74A1-465C-9145-F46FE0E645CF}"
EndProject
Project("{9A19103F-16F7-4668-BE54-9A1E7A4F7556}") = "Decimal", "Decimal\Decimal.csproj", "{AE6E7D83-A4AD-4F34-BB12-A70DA7206640}"
EndProject
Project("{9A19103F-16F7-4668-BE54-9A1E7A4F7556}") = "Bool", "Bool\Bool.csproj", "{66150E44-E8D6-41F2-937D-4B1E4457052E}"
EndProject
Project("{9A19103F-16F7-4668-BE54-9A1E7A4F7556}") = "Null", "Null\Null.csproj", "{0C25023C-6EEE-44BB-A97F-E800AA96AFFD}"
EndProject
Project("{9A19103F-16F7-4668-BE54-9A1E7A4F7556}") = "Homework - Variables", "Homework - Variables\Homework - Variables.csproj", "{30E90E6B-FC73-4837-8033-5C38CD60B803}"
EndProject
Project("{9A19103F-16F7-4668-BE54-9A1E7A4F7556}") = "DateTime", "DateTime\DateTime.csproj", "{7DE03726-AD7E-47EB-9E13-2F9C6845174F}"
EndProject
Project("{9A19103F-16F7-4668-BE54-9A1E7A4F7556}") = "DateOnly", "DateOnly\DateOnly.csproj", "{358F7EFF-66B9-4085-A3AE-8AA4FA117E6B}"
EndProject
Project("{9A19103F-16F7-4668-BE54-9A1E7A4F7556}") = "TimeOnly", "TimeOnly\TimeOnly.csproj", "{D8DD510C-0240-42F6-A48B-CC513AC93C46}"
EndProject
Project("{9A19103F-16F7-4668-BE54-9A1E7A4F7556}") = "Type Conversions", "Type Conversions\Type Conversions.csproj", "{03BA1F91-45CB-4D87-87E4-14FB5A33331E}"
EndProject
Project("{9A19103F-16F7-4668-BE54-9A1E7A4F7556}") = "Homework - Type Conversions", "Homework - Type Conversions\Homework - Type Conversions.csproj", "{E899DB32-130C-429F-B3A5-D16E0C0BF2DD}"
EndProject
Project("{FAE04EC0-301F-11D3-BF4B-00C04F79EFBC}") = "Basic if Statements", "..\Conditionals\Basic if Statements\Basic if Statements.csproj", "{77314DD1-C4C3-4C0C-8E96-81886C89C5AC}"
EndProject
Project("{2150E333-8FDC-42A3-9474-1A3956D46DE8}") = "Common Variables", "Common Variables", "{8DFAEFBD-3ACD-4C73-9D0E-4456B23E7B39}"
EndProject
Project("{2150E333-8FDC-42A3-9474-1A3956D46DE8}") = "Conditions", "Conditions", "{A1F52434-5C87-406D-AFAC-1BFAB6F73EA1}"
EndProject
Global
	GlobalSection(SolutionConfigurationPlatforms) = preSolution
		Debug|Any CPU = Debug|Any CPU
		Release|Any CPU = Release|Any CPU
	EndGlobalSection
	GlobalSection(ProjectConfigurationPlatforms) = postSolution
		{B8FB6506-4B7D-4892-91C0-3FC82ABA1145}.Debug|Any CPU.ActiveCfg = Debug|Any CPU
		{B8FB6506-4B7D-4892-91C0-3FC82ABA1145}.Debug|Any CPU.Build.0 = Debug|Any CPU
		{B8FB6506-4B7D-4892-91C0-3FC82ABA1145}.Release|Any CPU.ActiveCfg = Release|Any CPU
		{B8FB6506-4B7D-4892-91C0-3FC82ABA1145}.Release|Any CPU.Build.0 = Release|Any CPU
		{5ED97814-A001-4F4C-9BE5-DBFE624C0174}.Debug|Any CPU.ActiveCfg = Debug|Any CPU
		{5ED97814-A001-4F4C-9BE5-DBFE624C0174}.Debug|Any CPU.Build.0 = Debug|Any CPU
		{5ED97814-A001-4F4C-9BE5-DBFE624C0174}.Release|Any CPU.ActiveCfg = Release|Any CPU
		{5ED97814-A001-4F4C-9BE5-DBFE624C0174}.Release|Any CPU.Build.0 = Release|Any CPU
		{6498ABCB-74A1-465C-9145-F46FE0E645CF}.Debug|Any CPU.ActiveCfg = Debug|Any CPU
		{6498ABCB-74A1-465C-9145-F46FE0E645CF}.Debug|Any CPU.Build.0 = Debug|Any CPU
		{6498ABCB-74A1-465C-9145-F46FE0E645CF}.Release|Any CPU.ActiveCfg = Release|Any CPU
		{6498ABCB-74A1-465C-9145-F46FE0E645CF}.Release|Any CPU.Build.0 = Release|Any CPU
		{AE6E7D83-A4AD-4F34-BB12-A70DA7206640}.Debug|Any CPU.ActiveCfg = Debug|Any CPU
		{AE6E7D83-A4AD-4F34-BB12-A70DA7206640}.Debug|Any CPU.Build.0 = Debug|Any CPU
		{AE6E7D83-A4AD-4F34-BB12-A70DA7206640}.Release|Any CPU.ActiveCfg = Release|Any CPU
		{AE6E7D83-A4AD-4F34-BB12-A70DA7206640}.Release|Any CPU.Build.0 = Release|Any CPU
		{66150E44-E8D6-41F2-937D-4B1E4457052E}.Debug|Any CPU.ActiveCfg = Debug|Any CPU
		{66150E44-E8D6-41F2-937D-4B1E4457052E}.Debug|Any CPU.Build.0 = Debug|Any CPU
		{66150E44-E8D6-41F2-937D-4B1E4457052E}.Release|Any CPU.ActiveCfg = Release|Any CPU
		{66150E44-E8D6-41F2-937D-4B1E4457052E}.Release|Any CPU.Build.0 = Release|Any CPU
		{0C25023C-6EEE-44BB-A97F-E800AA96AFFD}.Debug|Any CPU.ActiveCfg = Debug|Any CPU
		{0C25023C-6EEE-44BB-A97F-E800AA96AFFD}.Debug|Any CPU.Build.0 = Debug|Any CPU
		{0C25023C-6EEE-44BB-A97F-E800AA96AFFD}.Release|Any CPU.ActiveCfg = Release|Any CPU
		{0C25023C-6EEE-44BB-A97F-E800AA96AFFD}.Release|Any CPU.Build.0 = Release|Any CPU
		{30E90E6B-FC73-4837-8033-5C38CD60B803}.Debug|Any CPU.ActiveCfg = Debug|Any CPU
		{30E90E6B-FC73-4837-8033-5C38CD60B803}.Debug|Any CPU.Build.0 = Debug|Any CPU
		{30E90E6B-FC73-4837-8033-5C38CD60B803}.Release|Any CPU.ActiveCfg = Release|Any CPU
		{30E90E6B-FC73-4837-8033-5C38CD60B803}.Release|Any CPU.Build.0 = Release|Any CPU
		{7DE03726-AD7E-47EB-9E13-2F9C6845174F}.Debug|Any CPU.ActiveCfg = Debug|Any CPU
		{7DE03726-AD7E-47EB-9E13-2F9C6845174F}.Debug|Any CPU.Build.0 = Debug|Any CPU
		{7DE03726-AD7E-47EB-9E13-2F9C6845174F}.Release|Any CPU.ActiveCfg = Release|Any CPU
		{7DE03726-AD7E-47EB-9E13-2F9C6845174F}.Release|Any CPU.Build.0 = Release|Any CPU
		{358F7EFF-66B9-4085-A3AE-8AA4FA117E6B}.Debug|Any CPU.ActiveCfg = Debug|Any CPU
		{358F7EFF-66B9-4085-A3AE-8AA4FA117E6B}.Debug|Any CPU.Build.0 = Debug|Any CPU
		{358F7EFF-66B9-4085-A3AE-8AA4FA117E6B}.Release|Any CPU.ActiveCfg = Release|Any CPU
		{358F7EFF-66B9-4085-A3AE-8AA4FA117E6B}.Release|Any CPU.Build.0 = Release|Any CPU
		{D8DD510C-0240-42F6-A48B-CC513AC93C46}.Debug|Any CPU.ActiveCfg = Debug|Any CPU
		{D8DD510C-0240-42F6-A48B-CC513AC93C46}.Debug|Any CPU.Build.0 = Debug|Any CPU
		{D8DD510C-0240-42F6-A48B-CC513AC93C46}.Release|Any CPU.ActiveCfg = Release|Any CPU
		{D8DD510C-0240-42F6-A48B-CC513AC93C46}.Release|Any CPU.Build.0 = Release|Any CPU
		{03BA1F91-45CB-4D87-87E4-14FB5A33331E}.Debug|Any CPU.ActiveCfg = Debug|Any CPU
		{03BA1F91-45CB-4D87-87E4-14FB5A33331E}.Debug|Any CPU.Build.0 = Debug|Any CPU
		{03BA1F91-45CB-4D87-87E4-14FB5A33331E}.Release|Any CPU.ActiveCfg = Release|Any CPU
		{03BA1F91-45CB-4D87-87E4-14FB5A33331E}.Release|Any CPU.Build.0 = Release|Any CPU
		{E899DB32-130C-429F-B3A5-D16E0C0BF2DD}.Debug|Any CPU.ActiveCfg = Debug|Any CPU
		{E899DB32-130C-429F-B3A5-D16E0C0BF2DD}.Debug|Any CPU.Build.0 = Debug|Any CPU
		{E899DB32-130C-429F-B3A5-D16E0C0BF2DD}.Release|Any CPU.ActiveCfg = Release|Any CPU
		{E899DB32-130C-429F-B3A5-D16E0C0BF2DD}.Release|Any CPU.Build.0 = Release|Any CPU
		{77314DD1-C4C3-4C0C-8E96-81886C89C5AC}.Debug|Any CPU.ActiveCfg = Debug|Any CPU
		{77314DD1-C4C3-4C0C-8E96-81886C89C5AC}.Debug|Any CPU.Build.0 = Debug|Any CPU
		{77314DD1-C4C3-4C0C-8E96-81886C89C5AC}.Release|Any CPU.ActiveCfg = Release|Any CPU
		{77314DD1-C4C3-4C0C-8E96-81886C89C5AC}.Release|Any CPU.Build.0 = Release|Any CPU
	EndGlobalSection
	GlobalSection(SolutionProperties) = preSolution
		HideSolutionNode = FALSE
	EndGlobalSection
	GlobalSection(NestedProjects) = preSolution
		{B8FB6506-4B7D-4892-91C0-3FC82ABA1145} = {8DFAEFBD-3ACD-4C73-9D0E-4456B23E7B39}
		{5ED97814-A001-4F4C-9BE5-DBFE624C0174} = {8DFAEFBD-3ACD-4C73-9D0E-4456B23E7B39}
		{6498ABCB-74A1-465C-9145-F46FE0E645CF} = {8DFAEFBD-3ACD-4C73-9D0E-4456B23E7B39}
		{AE6E7D83-A4AD-4F34-BB12-A70DA7206640} = {8DFAEFBD-3ACD-4C73-9D0E-4456B23E7B39}
		{66150E44-E8D6-41F2-937D-4B1E4457052E} = {8DFAEFBD-3ACD-4C73-9D0E-4456B23E7B39}
		{0C25023C-6EEE-44BB-A97F-E800AA96AFFD} = {8DFAEFBD-3ACD-4C73-9D0E-4456B23E7B39}
		{30E90E6B-FC73-4837-8033-5C38CD60B803} = {8DFAEFBD-3ACD-4C73-9D0E-4456B23E7B39}
		{7DE03726-AD7E-47EB-9E13-2F9C6845174F} = {8DFAEFBD-3ACD-4C73-9D0E-4456B23E7B39}
		{358F7EFF-66B9-4085-A3AE-8AA4FA117E6B} = {8DFAEFBD-3ACD-4C73-9D0E-4456B23E7B39}
		{D8DD510C-0240-42F6-A48B-CC513AC93C46} = {8DFAEFBD-3ACD-4C73-9D0E-4456B23E7B39}
		{03BA1F91-45CB-4D87-87E4-14FB5A33331E} = {8DFAEFBD-3ACD-4C73-9D0E-4456B23E7B39}
		{E899DB32-130C-429F-B3A5-D16E0C0BF2DD} = {8DFAEFBD-3ACD-4C73-9D0E-4456B23E7B39}
		{77314DD1-C4C3-4C0C-8E96-81886C89C5AC} = {A1F52434-5C87-406D-AFAC-1BFAB6F73EA1}
	EndGlobalSection
	GlobalSection(ExtensibilityGlobals) = postSolution
		SolutionGuid = {261519B4-3421-4BE4-B771-798F59F5E045}
	EndGlobalSection
EndGlobal
